{
  "name": "algebraic",
  "lockfileVersion": 2,
  "requires": true,
  "packages": {
    "": {
      "dependencies": {
        "bignumber.js": "^9.1.0",
        "decimal.js": "^10.4.1"
      },
      "devDependencies": {
        "@types/node": "^18.7.23",
        "typescript": "^4.9.1-beta"
      }
    },
    "node_modules/@types/node": {
      "version": "18.7.23",
      "resolved": "https://registry.npmjs.org/@types/node/-/node-18.7.23.tgz",
      "integrity": "sha512-DWNcCHolDq0ZKGizjx2DZjR/PqsYwAcYUJmfMWqtVU2MBMG5Mo+xFZrhGId5r/O5HOuMPyQEcM6KUBp5lBZZBg==",
      "dev": true
    },
    "node_modules/bignumber.js": {
      "version": "9.1.0",
      "resolved": "https://registry.npmjs.org/bignumber.js/-/bignumber.js-9.1.0.tgz",
      "integrity": "sha512-4LwHK4nfDOraBCtst+wOWIHbu1vhvAPJK8g8nROd4iuc3PSEjWif/qwbkh8jwCJz6yDBvtU4KPynETgrfh7y3A==",
      "engines": {
        "node": "*"
      }
    },
    "node_modules/decimal.js": {
      "version": "10.4.1",
      "resolved": "https://registry.npmjs.org/decimal.js/-/decimal.js-10.4.1.tgz",
      "integrity": "sha512-F29o+vci4DodHYT9UrR5IEbfBw9pE5eSapIJdTqXK5+6hq+t8VRxwQyKlW2i+KDKFkkJQRvFyI/QXD83h8LyQw=="
    },
    "node_modules/typescript": {
      "version": "4.9.1-beta",
      "resolved": "https://registry.npmjs.org/typescript/-/typescript-4.9.1-beta.tgz",
      "integrity": "sha512-D4c0t1+sMOS5Hy8DQsGFfEYUuKzolXhf+7e/N0Td5etBPflEYzVwWLBrbVgHpLpLC53OJQCtxk31+NWO2SBPaA==",
      "dev": true,
      "bin": {
        "tsc": "bin/tsc",
        "tsserver": "bin/tsserver"
      },
      "engines": {
        "node": ">=4.2.0"
      }
    }
  },
  "dependencies": {
    "@types/node": {
      "version": "18.7.23",
      "resolved": "https://registry.npmjs.org/@types/node/-/node-18.7.23.tgz",
      "integrity": "sha512-DWNcCHolDq0ZKGizjx2DZjR/PqsYwAcYUJmfMWqtVU2MBMG5Mo+xFZrhGId5r/O5HOuMPyQEcM6KUBp5lBZZBg==",
      "dev": true
    },
    "bignumber.js": {
      "version": "9.1.0",
      "resolved": "https://registry.npmjs.org/bignumber.js/-/bignumber.js-9.1.0.tgz",
      "integrity": "sha512-4LwHK4nfDOraBCtst+wOWIHbu1vhvAPJK8g8nROd4iuc3PSEjWif/qwbkh8jwCJz6yDBvtU4KPynETgrfh7y3A=="
    },
    "decimal.js": {
      "version": "10.4.1",
      "resolved": "https://registry.npmjs.org/decimal.js/-/decimal.js-10.4.1.tgz",
      "integrity": "sha512-F29o+vci4DodHYT9UrR5IEbfBw9pE5eSapIJdTqXK5+6hq+t8VRxwQyKlW2i+KDKFkkJQRvFyI/QXD83h8LyQw=="
    },
    "typescript": {
      "version": "4.9.1-beta",
      "resolved": "https://registry.npmjs.org/typescript/-/typescript-4.9.1-beta.tgz",
      "integrity": "sha512-D4c0t1+sMOS5Hy8DQsGFfEYUuKzolXhf+7e/N0Td5etBPflEYzVwWLBrbVgHpLpLC53OJQCtxk31+NWO2SBPaA==",
      "dev": true
    }
  }
}
